Microsoft Visual Studio Solution File, Format Version 12.00
# Visual Studio Version 17
VisualStudioVersion = 17.0.31903.59
MinimumVisualStudioVersion = 10.0.40219.1
Project("{FAE04EC0-301F-11D3-BF4B-00C04F79EFBC}") = "KelimeBulma", "src\KelimeBulma\KelimeBulma.csproj", "{A26B3E73-0F7C-4D65-BA64-D52C80F20791}"
EndProject
Project("{FAE04EC0-301F-11D3-BF4B-00C04F79EFBC}") = "KelimeBulma.Core", "src\KelimeBulma.Core\KelimeBulma.Core.csproj", "{B36B3E73-0F7C-4D65-BA64-D52C80F20792}"
EndProject
Project("{FAE04EC0-301F-11D3-BF4B-00C04F79EFBC}") = "KelimeBulma.Core.Tests", "tests\KelimeBulma.Core.Tests\KelimeBulma.Core.Tests.csproj", "{C46B3E73-0F7C-4D65-BA64-D52C80F20793}"
EndProject
Global
  GlobalSection(SolutionConfigurationPlatforms) = preSolution
    Debug|Any CPU = Debug|Any CPU
    Release|Any CPU = Release|Any CPU
  EndGlobalSection
  GlobalSection(ProjectConfigurationPlatforms) = postSolution
    {A26B3E73-0F7C-4D65-BA64-D52C80F20791}.Debug|Any CPU.ActiveCfg = Debug|Any CPU
    {A26B3E73-0F7C-4D65-BA64-D52C80F20791}.Debug|Any CPU.Build.0 = Debug|Any CPU
    {A26B3E73-0F7C-4D65-BA64-D52C80F20791}.Release|Any CPU.ActiveCfg = Release|Any CPU
    {A26B3E73-0F7C-4D65-BA64-D52C80F20791}.Release|Any CPU.Build.0 = Release|Any CPU
    {B36B3E73-0F7C-4D65-BA64-D52C80F20792}.Debug|Any CPU.ActiveCfg = Debug|Any CPU
    {B36B3E73-0F7C-4D65-BA64-D52C80F20792}.Debug|Any CPU.Build.0 = Debug|Any CPU
    {B36B3E73-0F7C-4D65-BA64-D52C80F20792}.Release|Any CPU.ActiveCfg = Release|Any CPU
    {B36B3E73-0F7C-4D65-BA64-D52C80F20792}.Release|Any CPU.Build.0 = Release|Any CPU
    {C46B3E73-0F7C-4D65-BA64-D52C80F20793}.Debug|Any CPU.ActiveCfg = Debug|Any CPU
    {C46B3E73-0F7C-4D65-BA64-D52C80F20793}.Debug|Any CPU.Build.0 = Debug|Any CPU
    {C46B3E73-0F7C-4D65-BA64-D52C80F20793}.Release|Any CPU.ActiveCfg = Release|Any CPU
    {C46B3E73-0F7C-4D65-BA64-D52C80F20793}.Release|Any CPU.Build.0 = Release|Any CPU
  EndGlobalSection
EndGlobal
